{
    "requires": true,
    "lockfileVersion": 1,
    "dependencies": {
        "@babel/core": {
            "version": "7.4.0",
            "resolved": "https://registry.npmjs.org/@babel/core/-/core-7.4.0.tgz",
            "integrity": "sha512-Dzl7U0/T69DFOTwqz/FJdnOSWS57NpjNfCwMKHABr589Lg8uX1RrlBIJ7L5Dubt/xkLsx0xH5EBFzlBVes1ayA==",
            "dev": true,
            "dependencies": {
                "@babel/generator": {
                    "version": "7.4.0",
                    "resolved": "https://registry.npmjs.org/@babel/generator/-/generator-7.4.0.tgz",
                    "integrity": "sha512-/v5I+a1jhGSKLgZDcmAUZ4K/VePi43eRkUs3yePW1HB1iANOD5tqJXwGSG4BZhSksP8J9ejSlwGeTiiOFZOrXQ=="
                },
                "@babel/helper-split-export-declaration": {
                    "version": "7.4.0",
                    "resolved": "https://registry.npmjs.org/@babel/helper-split-export-declaration/-/helper-split-export-declaration-7.4.0.tgz",
                    "integrity": "sha512-7Cuc6JZiYShaZnybDmfwhY4UYHzI6rlqhWjaIqbsJGsIqPimEYy5uh3akSRLMg65LSdSEnJ8a8/bWQN6u2oMGw=="
                },
                "@babel/helpers": {
                    "version": "7.4.2",
                    "resolved": "https://registry.npmjs.org/@babel/helpers/-/helpers-7.4.2.tgz",
                    "integrity": "sha512-gQR1eQeroDzFBikhrCccm5Gs2xBjZ57DNjGbqTaHo911IpmSxflOQWMAHPw/TXk8L3isv7s9lYzUkexOeTQUYg=="
                },
                "@babel/parser": {
                    "version": "7.4.2",
                    "resolved": "https://registry.npmjs.org/@babel/parser/-/parser-7.4.2.tgz",
                    "integrity": "sha512-9fJTDipQFvlfSVdD/JBtkiY0br9BtfvW2R8wo6CX/Ej2eMuV0gWPk1M67Mt3eggQvBqYW1FCEk8BN7WvGm/g5g=="
                },
                "@babel/template": {
                    "version": "7.4.0",
                    "resolved": "https://registry.npmjs.org/@babel/template/-/template-7.4.0.tgz",
                    "integrity": "sha512-SOWwxxClTTh5NdbbYZ0BmaBVzxzTh2tO/TeLTbF6MO6EzVhHTnff8CdBXx3mEtazFBoysmEM6GU/wF+SuSx4Fw=="
                },
                "@babel/traverse": {
                    "version": "7.4.0",
                    "resolved": "https://registry.npmjs.org/@babel/traverse/-/traverse-7.4.0.tgz",
                    "integrity": "sha512-/DtIHKfyg2bBKnIN+BItaIlEg5pjAnzHOIQe5w+rHAw/rg9g0V7T4rqPX8BJPfW11kt3koyjAnTNwCzb28Y1PA=="
                },
                "@babel/types": {
                    "version": "7.4.0",
                    "resolved": "https://registry.npmjs.org/@babel/types/-/types-7.4.0.tgz",
                    "integrity": "sha512-aPvkXyU2SPOnztlgo8n9cEiXW755mgyvueUPcpStqdzoSPm0fjO0vQBjLkt3JKJW7ufikfcnMTTPsN1xaTsBPA=="
                },
                "debug": {
                    "version": "4.1.1",
                    "resolved": "https://registry.npmjs.org/debug/-/debug-4.1.1.tgz",
                    "integrity": "sha512-pYAIzeRo8J6KPEaJ0VWOh5Pzkbw/RetuzehGM7QRRX5he4fPHx2rdKMB256ehJCkX+XRQm16eZLqLNS8RSZXZw=="
                }
            }
        },
        "@babel/preset-env": {
            "version": "7.4.2",
            "resolved": "https://registry.npmjs.org/@babel/preset-env/-/preset-env-7.4.2.tgz",
            "integrity": "sha512-OEz6VOZaI9LW08CWVS3d9g/0jZA6YCn1gsKIy/fut7yZCJti5Lm1/Hi+uo/U+ODm7g4I6gULrCP+/+laT8xAsA==",
            "dev": true,
            "dependencies": {
                "@babel/generator": {
                    "version": "7.4.0",
                    "resolved": "https://registry.npmjs.org/@babel/generator/-/generator-7.4.0.tgz",
                    "integrity": "sha512-/v5I+a1jhGSKLgZDcmAUZ4K/VePi43eRkUs3yePW1HB1iANOD5tqJXwGSG4BZhSksP8J9ejSlwGeTiiOFZOrXQ=="
                },
                "@babel/helper-call-delegate": {
                    "version": "7.4.0",
                    "resolved": "https://registry.npmjs.org/@babel/helper-call-delegate/-/helper-call-delegate-7.4.0.tgz",
                    "integrity": "sha512-SdqDfbVdNQCBp3WhK2mNdDvHd3BD6qbmIc43CAyjnsfCmgHMeqgDcM3BzY2lchi7HBJGJ2CVdynLWbezaE4mmQ=="
                },
                "@babel/helper-define-map": {
                    "version": "7.4.0",
                    "resolved": "https://registry.npmjs.org/@babel/helper-define-map/-/helper-define-map-7.4.0.tgz",
                    "integrity": "sha512-wAhQ9HdnLIywERVcSvX40CEJwKdAa1ID4neI9NXQPDOHwwA+57DqwLiPEVy2AIyWzAk0CQ8qx4awO0VUURwLtA=="
                },
                "@babel/helper-hoist-variables": {
                    "version": "7.4.0",
                    "resolved": "https://registry.npmjs.org/@babel/helper-hoist-variables/-/helper-hoist-variables-7.4.0.tgz",
                    "integrity": "sha512-/NErCuoe/et17IlAQFKWM24qtyYYie7sFIrW/tIQXpck6vAu2hhtYYsKLBWQV+BQZMbcIYPU/QMYuTufrY4aQw=="
                },
                "@babel/helper-replace-supers": {
                    "version": "7.4.0",
                    "resolved": "https://registry.npmjs.org/@babel/helper-replace-supers/-/helper-replace-supers-7.4.0.tgz",
                    "integrity": "sha512-PVwCVnWWAgnal+kJ+ZSAphzyl58XrFeSKSAJRiqg5QToTsjL+Xu1f9+RJ+d+Q0aPhPfBGaYfkox66k86thxNSg=="
                },
                "@babel/helper-split-export-declaration": {
                    "version": "7.4.0",
                    "resolved": "https://registry.npmjs.org/@babel/helper-split-export-declaration/-/helper-split-export-declaration-7.4.0.tgz",
                    "integrity": "sha512-7Cuc6JZiYShaZnybDmfwhY4UYHzI6rlqhWjaIqbsJGsIqPimEYy5uh3akSRLMg65LSdSEnJ8a8/bWQN6u2oMGw=="
                },
                "@babel/parser": {
                    "version": "7.4.2",
                    "resolved": "https://registry.npmjs.org/@babel/parser/-/parser-7.4.2.tgz",
                    "integrity": "sha512-9fJTDipQFvlfSVdD/JBtkiY0br9BtfvW2R8wo6CX/Ej2eMuV0gWPk1M67Mt3eggQvBqYW1FCEk8BN7WvGm/g5g=="
                },
                "@babel/plugin-proposal-object-rest-spread": {
                    "version": "7.4.0",
                    "resolved": "https://registry.npmjs.org/@babel/plugin-proposal-object-rest-spread/-/plugin-proposal-object-rest-spread-7.4.0.tgz",
                    "integrity": "sha512-uTNi8pPYyUH2eWHyYWWSYJKwKg34hhgl4/dbejEjL+64OhbHjTX7wEVWMQl82tEmdDsGeu77+s8HHLS627h6OQ=="
                },
                "@babel/plugin-proposal-unicode-property-regex": {
                    "version": "7.4.0",
                    "resolved": "https://registry.npmjs.org/@babel/plugin-proposal-unicode-property-regex/-/plugin-proposal-unicode-property-regex-7.4.0.tgz",
                    "integrity": "sha512-h/KjEZ3nK9wv1P1FSNb9G079jXrNYR0Ko+7XkOx85+gM24iZbPn0rh4vCftk+5QKY7y1uByFataBTmX7irEF1w=="
                },
                "@babel/plugin-transform-async-to-generator": {
                    "version": "7.4.0",
                    "resolved": "https://registry.npmjs.org/@babel/plugin-transform-async-to-generator/-/plugin-transform-async-to-generator-7.4.0.tgz",
                    "integrity": "sha512-EeaFdCeUULM+GPFEsf7pFcNSxM7hYjoj5fiYbyuiXobW4JhFnjAv9OWzNwHyHcKoPNpAfeRDuW6VyaXEDUBa7g=="
                },
                "@babel/plugin-transform-block-scoping": {
                    "version": "7.4.0",
                    "resolved": "https://registry.npmjs.org/@babel/plugin-transform-block-scoping/-/plugin-transform-block-scoping-7.4.0.tgz",
                    "integrity": "sha512-AWyt3k+fBXQqt2qb9r97tn3iBwFpiv9xdAiG+Gr2HpAZpuayvbL55yWrsV3MyHvXk/4vmSiedhDRl1YI2Iy5nQ=="
                },
                "@babel/plugin-transform-classes": {
                    "version": "7.4.0",
                    "resolved": "https://registry.npmjs.org/@babel/plugin-transform-classes/-/plugin-transform-classes-7.4.0.tgz",
                    "integrity": "sha512-XGg1Mhbw4LDmrO9rSTNe+uI79tQPdGs0YASlxgweYRLZqo/EQktjaOV4tchL/UZbM0F+/94uOipmdNGoaGOEYg=="
                },
                "@babel/plugin-transform-destructuring": {
                    "version": "7.4.0",
                    "resolved": "https://registry.npmjs.org/@babel/plugin-transform-destructuring/-/plugin-transform-destructuring-7.4.0.tgz",
                    "integrity": "sha512-HySkoatyYTY3ZwLI8GGvkRWCFrjAGXUHur5sMecmCIdIharnlcWWivOqDJI76vvmVZfzwb6G08NREsrY96RhGQ=="
                },
                "@babel/plugin-transform-for-of": {
                    "version": "7.4.0",
                    "resolved": "https://registry.npmjs.org/@babel/plugin-transform-for-of/-/plugin-transform-for-of-7.4.0.tgz",
                    "integrity": "sha512-vWdfCEYLlYSxbsKj5lGtzA49K3KANtb8qCPQ1em07txJzsBwY+cKJzBHizj5fl3CCx7vt+WPdgDLTHmydkbQSQ=="
                },
                "@babel/plugin-transform-modules-commonjs": {
                    "version": "7.4.0",
                    "resolved": "https://registry.npmjs.org/@babel/plugin-transform-modules-commonjs/-/plugin-transform-modules-commonjs-7.4.0.tgz",
                    "integrity": "sha512-iWKAooAkipG7g1IY0eah7SumzfnIT3WNhT4uYB2kIsvHnNSB6MDYVa5qyICSwaTBDBY2c4SnJ3JtEa6ltJd6Jw=="
                },
                "@babel/plugin-transform-modules-systemjs": {
                    "version": "7.4.0",
                    "resolved": "https://registry.npmjs.org/@babel/plugin-transform-modules-systemjs/-/plugin-transform-modules-systemjs-7.4.0.tgz",
                    "integrity": "sha512-gjPdHmqiNhVoBqus5qK60mWPp1CmYWp/tkh11mvb0rrys01HycEGD7NvvSoKXlWEfSM9TcL36CpsK8ElsADptQ=="
                },
                "@babel/plugin-transform-named-capturing-groups-regex": {
                    "version": "7.4.2",
                    "resolved": "https://registry.npmjs.org/@babel/plugin-transform-named-capturing-groups-regex/-/plugin-transform-named-capturing-groups-regex-7.4.2.tgz",
                    "integrity": "sha512-NsAuliSwkL3WO2dzWTOL1oZJHm0TM8ZY8ZSxk2ANyKkt5SQlToGA4pzctmq1BEjoacurdwZ3xp2dCQWJkME0gQ=="
                },
                "@babel/plugin-transform-new-target": {
                    "version": "7.4.0",
                    "resolved": "https://registry.npmjs.org/@babel/plugin-transform-new-target/-/plugin-transform-new-target-7.4.0.tgz",
                    "integrity": "sha512-6ZKNgMQmQmrEX/ncuCwnnw1yVGoaOW5KpxNhoWI7pCQdA0uZ0HqHGqenCUIENAnxRjy2WwNQ30gfGdIgqJXXqw=="
                },
                "@babel/plugin-transform-parameters": {
                    "version": "7.4.0",
                    "resolved": "https://registry.npmjs.org/@babel/plugin-transform-parameters/-/plugin-transform-parameters-7.4.0.tgz",
                    "integrity": "sha512-Xqv6d1X+doyiuCGDoVJFtlZx0onAX0tnc3dY8w71pv/O0dODAbusVv2Ale3cGOwfiyi895ivOBhYa9DhAM8dUA=="
                },
                "@babel/plugin-transform-regenerator": {
                    "version": "7.4.0",
                    "resolved": "https://registry.npmjs.org/@babel/plugin-transform-regenerator/-/plugin-transform-regenerator-7.4.0.tgz",
                    "integrity": "sha512-SZ+CgL4F0wm4npojPU6swo/cK4FcbLgxLd4cWpHaNXY/NJ2dpahODCqBbAwb2rDmVszVb3SSjnk9/vik3AYdBw=="
                },
                "@babel/traverse": {
                    "version": "7.4.0",
                    "resolved": "https://registry.npmjs.org/@babel/traverse/-/traverse-7.4.0.tgz",
                    "integrity": "sha512-/DtIHKfyg2bBKnIN+BItaIlEg5pjAnzHOIQe5w+rHAw/rg9g0V7T4rqPX8BJPfW11kt3koyjAnTNwCzb28Y1PA=="
                },
                "@babel/types": {
                    "version": "7.4.0",
                    "resolved": "https://registry.npmjs.org/@babel/types/-/types-7.4.0.tgz",
                    "integrity": "sha512-aPvkXyU2SPOnztlgo8n9cEiXW755mgyvueUPcpStqdzoSPm0fjO0vQBjLkt3JKJW7ufikfcnMTTPsN1xaTsBPA=="
                },
                "debug": {
                    "version": "4.1.1",
                    "resolved": "https://registry.npmjs.org/debug/-/debug-4.1.1.tgz",
                    "integrity": "sha512-pYAIzeRo8J6KPEaJ0VWOh5Pzkbw/RetuzehGM7QRRX5he4fPHx2rdKMB256ehJCkX+XRQm16eZLqLNS8RSZXZw=="
                },
                "regenerate-unicode-properties": {
                    "version": "8.0.2",
                    "resolved": "https://registry.npmjs.org/regenerate-unicode-properties/-/regenerate-unicode-properties-8.0.2.tgz",
                    "integrity": "sha512-SbA/iNrBUf6Pv2zU8Ekv1Qbhv92yxL4hiDa2siuxs4KKn4oOoMDHXjAf7+Nz9qinUQ46B1LcWEi/PhJfPWpZWQ=="
                },
                "regexpu-core": {
                    "version": "4.5.4",
                    "resolved": "https://registry.npmjs.org/regexpu-core/-/regexpu-core-4.5.4.tgz",
                    "integrity": "sha512-BtizvGtFQKGPUcTy56o3nk1bGRp4SZOTYrDtGNlqCQufptV5IkkLN6Emw+yunAJjzf+C9FQFtvq7IoA3+oMYHQ=="
                },
                "unicode-match-property-value-ecmascript": {
                    "version": "1.1.0",
                    "resolved": "https://registry.npmjs.org/unicode-match-property-value-ecmascript/-/unicode-match-property-value-ecmascript-1.1.0.tgz",
                    "integrity": "sha512-hDTHvaBk3RmFzvSl0UVrUmC3PuW9wKVnpoUDYH0JDkSIovzw+J5viQmeYHxVSBptubnr7PbH2e0fnpDRQnQl5g=="
                }
            }
        },
        "@babel/preset-react": {
            "version": "7.0.0",
            "resolved": "https://registry.npmjs.org/@babel/preset-react/-/preset-react-7.0.0.tgz",
            "integrity": "sha512-oayxyPS4Zj+hF6Et11BwuBkmpgT/zMxyuZgFrMeZID6Hdh3dGlk4sHCAhdBCpuCKW2ppBfl2uCCetlrUIJRY3w==",
            "dev": true
        },
        "axios": {
            "version": "0.21.1",
            "resolved": "https://registry.npmjs.org/axios/-/axios-0.21.1.tgz",
            "integrity": "sha512-dKQiRHxGD9PPRIUNIWvZhPTPpl1rf/OxTYKsqKUDjBwYylTvV7SjSHJb9ratfyzM6wCdLCOYLzs73qpg5c4iGA==",
            "dev": true,
            "requires": {
                "follow-redirects": "^1.10.0"
            },
            "dependencies": {
                "follow-redirects": {
                    "version": "1.13.1",
                    "resolved": "https://registry.npmjs.org/follow-redirects/-/follow-redirects-1.13.1.tgz",
                    "integrity": "sha512-SSG5xmZh1mkPGyKzjZP8zLjltIfpW32Y5QpdNJyjcfGxK3qo3NDDkZOZSFiGn1A6SclQxY9GzEwAHQ3dmYRWpg==",
                    "dev": true
                }
            }
        },
        "babel-loader": {
            "version": "8.0.5",
            "resolved": "https://registry.npmjs.org/babel-loader/-/babel-loader-8.0.5.tgz",
            "integrity": "sha512-NTnHnVRd2JnRqPC0vW+iOQWU5pchDbYXsG2E6DMXEpMfUcQKclF9gmf3G3ZMhzG7IG9ji4coL0cm+FxeWxDpnw==",
            "dev": true
        },
        "bootstrap": {
            "version": "4.3.1",
            "resolved": "https://registry.npmjs.org/bootstrap/-/bootstrap-4.3.1.tgz",
            "integrity": "sha512-rXqOmH1VilAt2DyPzluTi2blhk17bO7ef+zLLPlWvG494pDxcM234pJ8wTc/6R40UWizAIIMgxjvxZg5kmsbag==",
            "dev": true
        },
        "cross-env": {
            "version": "5.2.0",
            "resolved": "https://registry.npmjs.org/cross-env/-/cross-env-5.2.0.tgz",
            "integrity": "sha512-jtdNFfFW1hB7sMhr/H6rW1Z45LFqyI431m3qU6bFXcQ3Eh7LtBuG3h74o7ohHZ3crrRkkqHlo4jYHFPcjroANg==",
            "dev": true
        },
        "history": {
            "version": "4.7.2",
            "resolved": "https://registry.npmjs.org/history/-/history-4.7.2.tgz",
            "integrity": "sha512-1zkBRWW6XweO0NBcjiphtVJVsIQ+SXF29z9DVkceeaSLVMFXHool+fdCZD4spDCfZJCILPILc3bm7Bc+HRi0nA==",
            "dev": true,
            "dependencies": {
                "warning": {
                    "version": "3.0.0",
                    "resolved": "https://registry.npmjs.org/warning/-/warning-3.0.0.tgz",
                    "integrity": "sha1-MuU3fLVy3kqwR1O9+IIcAe1gW3w="
                }
            }
        },
        "jquery": {
            "version": "3.3.1",
            "resolved": "https://registry.npmjs.org/jquery/-/jquery-3.3.1.tgz",
            "integrity": "sha512-Ubldcmxp5np52/ENotGxlLe6aGMvmF4R8S6tZjsP6Knsaxd/xp3Zrh50cG93lR6nPXyUFwzN3ZSOQI0wRJNdGg==",
            "dev": true
        },
        "laravel-mix": {
            "version": "4.0.14",
            "resolved": "https://registry.npmjs.org/laravel-mix/-/laravel-mix-4.0.14.tgz",
            "integrity": "sha512-YvUl9LCn3n6jiJvoybahIcOgBVcsWM1ju5RWTtioXb4JkoNHQq0iHPR/eJVlqQpLVTZlvaJjbb9HsCylpZrDxQ==",
            "dev": true
        },
        "lodash": {
            "version": "4.17.11",
            "resolved": "https://registry.npmjs.org/lodash/-/lodash-4.17.11.tgz",
            "integrity": "sha512-cQKh8igo5QUhZ7lg38DYWAxMvjSAKG0A8wGSVimP07SIUEK2UO+arSRKbRZWtelMtN5V0Hkwh5ryOto/SshYIg==",
            "dev": true
        },
        "popper.js": {
            "version": "1.14.7",
            "resolved": "https://registry.npmjs.org/popper.js/-/popper.js-1.14.7.tgz",
            "integrity": "sha512-4q1hNvoUre/8srWsH7hnoSJ5xVmIL4qgz+s4qf2TnJIMyZFUFMGH+9vE7mXynAlHSZ/NdTmmow86muD0myUkVQ==",
            "dev": true
        },
        "prop-types": {
            "version": "15.7.2",
            "resolved": "https://registry.npmjs.org/prop-types/-/prop-types-15.7.2.tgz",
            "integrity": "sha512-8QQikdH7//R2vurIJSutZ1smHYTcLpRWEOlHnzcWHmBYrOGUysKwSsrC89BCiFj3CbrfJ/nXFdJepOVrY1GCHQ==",
            "dev": true
        },
        "react": {
            "version": "16.8.3",
            "resolved": "https://registry.npmjs.org/react/-/react-16.8.3.tgz",
            "integrity": "sha512-3UoSIsEq8yTJuSu0luO1QQWYbgGEILm+eJl2QN/VLDi7hL+EN18M3q3oVZwmVzzBJ3DkM7RMdRwBmZZ+b4IzSA==",
            "dev": true
        },
        "react-bootstrap": {
            "version": "1.0.0-beta.5",
            "resolved": "https://registry.npmjs.org/react-bootstrap/-/react-bootstrap-1.0.0-beta.5.tgz",
            "integrity": "sha512-Osm0OtTbYwfsT1rpu88ESWuAHZxfaHFNKFiW8w3w+6YY9/bLEPHbGRZA6W21fg5yvcuKN9hJKT857TTHgY7SoQ=="
        },
        "react-dom": {
            "version": "16.8.3",
            "resolved": "https://registry.npmjs.org/react-dom/-/react-dom-16.8.3.tgz",
            "integrity": "sha512-ttMem9yJL4/lpItZAQ2NTFAbV7frotHk5DZEHXUOws2rMmrsvh1Na7ThGT0dTzUIl6pqTOi5tYREfL8AEna3lA==",
            "dev": true
        },
        "react-router": {
            "version": "4.3.1",
            "resolved": "https://registry.npmjs.org/react-router/-/react-router-4.3.1.tgz",
            "integrity": "sha512-yrvL8AogDh2X42Dt9iknk4wF4V8bWREPirFfS9gLU1huk6qK41sg7Z/1S81jjTrGHxa3B8R3J6xIkDAA6CVarg==",
            "dependencies": {
                "isarray": {
                    "version": "0.0.1",
                    "resolved": "https://registry.npmjs.org/isarray/-/isarray-0.0.1.tgz",
                    "integrity": "sha1-ihis/Kmo9Bd+Cav8YDiTmwXR7t8="
                },
                "path-to-regexp": {
                    "version": "1.7.0",
                    "resolved": "https://registry.npmjs.org/path-to-regexp/-/path-to-regexp-1.7.0.tgz",
                    "integrity": "sha1-Wf3g9DW62suhA6hOnTvGTpa5k30="
                }
            }
        },
        "react-router-dom": {
            "version": "4.3.1",
            "resolved": "https://registry.npmjs.org/react-router-dom/-/react-router-dom-4.3.1.tgz",
            "integrity": "sha512-c/MlywfxDdCp7EnB7YfPMOfMD3tOtIjrQlj/CKfNMBxdmpJP8xcz5P/UAFn3JbnQCNUxsHyVVqllF9LhgVyFCA=="
        },
        "resolve-url-loader": {
            "version": "2.3.2",
            "resolved": "https://registry.npmjs.org/resolve-url-loader/-/resolve-url-loader-2.3.2.tgz",
            "integrity": "sha512-sc/UVgiADdoTc+4cGPB7cUCnlEkzlxD1NXHw4oa9qA0fp30H8mAQ2ePJBP9MQ029DUuhEPouhNdvzT37pBCV0g==",
            "dev": true,
            "dependencies": {
                "camelcase": {
                    "version": "4.1.0",
                    "resolved": "https://registry.npmjs.org/camelcase/-/camelcase-4.1.0.tgz",
                    "integrity": "sha1-1UVjW+HjPFQmScaRc+Xeas+uNN0="
                }
            }
        },
        "sass": {
            "version": "1.17.2",
            "resolved": "https://registry.npmjs.org/sass/-/sass-1.17.2.tgz",
            "integrity": "sha512-TBNcwSIEXpXAIaFxQnWbHzhciwPKpHRprQ+1ww+g9eHCiY3PINJs6vQTu+LcBt1vIhrtQGRFIoxJO39TfLrptA==",
            "dev": true
        },
        "sass-loader": {
            "version": "7.1.0",
            "resolved": "https://registry.npmjs.org/sass-loader/-/sass-loader-7.1.0.tgz",
            "integrity": "sha512-+G+BKGglmZM2GUSfT9TLuEp6tzehHPjAMoRRItOojWIqIGPloVCMhNIQuG639eJ+y033PaGTSjLaTHts8Kw79w==",
            "dev": true
        },
        "webpack": {
            "version": "4.29.6",
            "resolved": "https://registry.npmjs.org/webpack/-/webpack-4.29.6.tgz",
            "integrity": "sha512-MwBwpiE1BQpMDkbnUUaW6K8RFZjljJHArC6tWQJoFm0oQtfoSebtg4Y7/QHnJ/SddtjYLHaKGX64CFjG5rehJw==",
            "dev": true,
            "dependencies": {
                "@webassemblyjs/ast": {
                    "version": "1.8.5",
                    "resolved": "https://registry.npmjs.org/@webassemblyjs/ast/-/ast-1.8.5.tgz",
                    "integrity": "sha512-aJMfngIZ65+t71C3y2nBBg5FFG0Okt9m0XEgWZ7Ywgn1oMAT8cNwx00Uv1cQyHtidq0Xn94R4TAywO+LCQ+ZAQ=="
                },
                "@webassemblyjs/floating-point-hex-parser": {
                    "version": "1.8.5",
                    "resolved": "https://registry.npmjs.org/@webassemblyjs/floating-point-hex-parser/-/floating-point-hex-parser-1.8.5.tgz",
                    "integrity": "sha512-9p+79WHru1oqBh9ewP9zW95E3XAo+90oth7S5Re3eQnECGq59ly1Ri5tsIipKGpiStHsUYmY3zMLqtk3gTcOtQ=="
                },
                "@webassemblyjs/helper-api-error": {
                    "version": "1.8.5",
                    "resolved": "https://registry.npmjs.org/@webassemblyjs/helper-api-error/-/helper-api-error-1.8.5.tgz",
                    "integrity": "sha512-Za/tnzsvnqdaSPOUXHyKJ2XI7PDX64kWtURyGiJJZKVEdFOsdKUCPTNEVFZq3zJ2R0G5wc2PZ5gvdTRFgm81zA=="
                },
                "@webassemblyjs/helper-buffer": {
                    "version": "1.8.5",
                    "resolved": "https://registry.npmjs.org/@webassemblyjs/helper-buffer/-/helper-buffer-1.8.5.tgz",
                    "integrity": "sha512-Ri2R8nOS0U6G49Q86goFIPNgjyl6+oE1abW1pS84BuhP1Qcr5JqMwRFT3Ah3ADDDYGEgGs1iyb1DGX+kAi/c/Q=="
                },
                "@webassemblyjs/helper-code-frame": {
                    "version": "1.8.5",
                    "resolved": "https://registry.npmjs.org/@webassemblyjs/helper-code-frame/-/helper-code-frame-1.8.5.tgz",
                    "integrity": "sha512-VQAadSubZIhNpH46IR3yWO4kZZjMxN1opDrzePLdVKAZ+DFjkGD/rf4v1jap744uPVU6yjL/smZbRIIJTOUnKQ=="
                },
                "@webassemblyjs/helper-fsm": {
                    "version": "1.8.5",
                    "resolved": "https://registry.npmjs.org/@webassemblyjs/helper-fsm/-/helper-fsm-1.8.5.tgz",
                    "integrity": "sha512-kRuX/saORcg8se/ft6Q2UbRpZwP4y7YrWsLXPbbmtepKr22i8Z4O3V5QE9DbZK908dh5Xya4Un57SDIKwB9eow=="
                },
                "@webassemblyjs/helper-module-context": {
                    "version": "1.8.5",
                    "resolved": "https://registry.npmjs.org/@webassemblyjs/helper-module-context/-/helper-module-context-1.8.5.tgz",
                    "integrity": "sha512-/O1B236mN7UNEU4t9X7Pj38i4VoU8CcMHyy3l2cV/kIF4U5KoHXDVqcDuOs1ltkac90IM4vZdHc52t1x8Yfs3g=="
                },
                "@webassemblyjs/helper-wasm-bytecode": {
                    "version": "1.8.5",
                    "resolved": "https://registry.npmjs.org/@webassemblyjs/helper-wasm-bytecode/-/helper-wasm-bytecode-1.8.5.tgz",
                    "integrity": "sha512-Cu4YMYG3Ddl72CbmpjU/wbP6SACcOPVbHN1dI4VJNJVgFwaKf1ppeFJrwydOG3NDHxVGuCfPlLZNyEdIYlQ6QQ=="
                },
                "@webassemblyjs/helper-wasm-section": {
                    "version": "1.8.5",
                    "resolved": "https://registry.npmjs.org/@webassemblyjs/helper-wasm-section/-/helper-wasm-section-1.8.5.tgz",
                    "integrity": "sha512-VV083zwR+VTrIWWtgIUpqfvVdK4ff38loRmrdDBgBT8ADXYsEZ5mPQ4Nde90N3UYatHdYoDIFb7oHzMncI02tA=="
                },
                "@webassemblyjs/ieee754": {
                    "version": "1.8.5",
                    "resolved": "https://registry.npmjs.org/@webassemblyjs/ieee754/-/ieee754-1.8.5.tgz",
                    "integrity": "sha512-aaCvQYrvKbY/n6wKHb/ylAJr27GglahUO89CcGXMItrOBqRarUMxWLJgxm9PJNuKULwN5n1csT9bYoMeZOGF3g=="
                },
                "@webassemblyjs/leb128": {
                    "version": "1.8.5",
                    "resolved": "https://registry.npmjs.org/@webassemblyjs/leb128/-/leb128-1.8.5.tgz",
                    "integrity": "sha512-plYUuUwleLIziknvlP8VpTgO4kqNaH57Y3JnNa6DLpu/sGcP6hbVdfdX5aHAV716pQBKrfuU26BJK29qY37J7A=="
                },
                "@webassemblyjs/utf8": {
                    "version": "1.8.5",
                    "resolved": "https://registry.npmjs.org/@webassemblyjs/utf8/-/utf8-1.8.5.tgz",
                    "integrity": "sha512-U7zgftmQriw37tfD934UNInokz6yTmn29inT2cAetAsaU9YeVCveWEwhKL1Mg4yS7q//NGdzy79nlXh3bT8Kjw=="
                },
                "@webassemblyjs/wasm-edit": {
                    "version": "1.8.5",
                    "resolved": "https://registry.npmjs.org/@webassemblyjs/wasm-edit/-/wasm-edit-1.8.5.tgz",
                    "integrity": "sha512-A41EMy8MWw5yvqj7MQzkDjU29K7UJq1VrX2vWLzfpRHt3ISftOXqrtojn7nlPsZ9Ijhp5NwuODuycSvfAO/26Q=="
                },
                "@webassemblyjs/wasm-gen": {
                    "version": "1.8.5",
                    "resolved": "https://registry.npmjs.org/@webassemblyjs/wasm-gen/-/wasm-gen-1.8.5.tgz",
                    "integrity": "sha512-BCZBT0LURC0CXDzj5FXSc2FPTsxwp3nWcqXQdOZE4U7h7i8FqtFK5Egia6f9raQLpEKT1VL7zr4r3+QX6zArWg=="
                },
                "@webassemblyjs/wasm-opt": {
                    "version": "1.8.5",
                    "resolved": "https://registry.npmjs.org/@webassemblyjs/wasm-opt/-/wasm-opt-1.8.5.tgz",
                    "integrity": "sha512-HKo2mO/Uh9A6ojzu7cjslGaHaUU14LdLbGEKqTR7PBKwT6LdPtLLh9fPY33rmr5wcOMrsWDbbdCHq4hQUdd37Q=="
                },
                "@webassemblyjs/wasm-parser": {
                    "version": "1.8.5",
                    "resolved": "https://registry.npmjs.org/@webassemblyjs/wasm-parser/-/wasm-parser-1.8.5.tgz",
                    "integrity": "sha512-pi0SYE9T6tfcMkthwcgCpL0cM9nRYr6/6fjgDtL6q/ZqKHdMWvxitRi5JcZ7RI4SNJJYnYNaWy5UUrHQy998lw=="
                },
                "@webassemblyjs/wast-parser": {
                    "version": "1.8.5",
                    "resolved": "https://registry.npmjs.org/@webassemblyjs/wast-parser/-/wast-parser-1.8.5.tgz",
                    "integrity": "sha512-daXC1FyKWHF1i11obK086QRlsMsY4+tIOKgBqI1lxAnkp9xe9YMcgOxm9kLe+ttjs5aWV2KKE1TWJCN57/Btsg=="
                },
                "@webassemblyjs/wast-printer": {
                    "version": "1.8.5",
                    "resolved": "https://registry.npmjs.org/@webassemblyjs/wast-printer/-/wast-printer-1.8.5.tgz",
                    "integrity": "sha512-w0U0pD4EhlnvRyeJzBqaVSJAo9w/ce7/WPogeXLzGkO6hzhr4GnQIZ4W4uUt5b9ooAaXPtnXlj0gzsXEOUNYMg=="
                },
                "schema-utils": {
                    "version": "1.0.0",
                    "resolved": "https://registry.npmjs.org/schema-utils/-/schema-utils-1.0.0.tgz",
                    "integrity": "sha512-i27Mic4KovM/lnGsy8whRCHhc7VicJajAjTrYg11K9zfZXnYIt4k5F+kZkwjnrhKzLic/HLU4j11mjsz2G/75g=="
                }
            }
        },
        "webpack-cli": {
            "version": "3.3.0",
            "resolved": "https://registry.npmjs.org/webpack-cli/-/webpack-cli-3.3.0.tgz",
            "integrity": "sha512-t1M7G4z5FhHKJ92WRKwZ1rtvi7rHc0NZoZRbSkol0YKl4HvcC8+DsmGDmK7MmZxHSAetHagiOsjOB6MmzC2TUw==",
            "dev": true
        }
    }
}
